
Microsoft Visual Studio Solution File, Format Version 12.00
# Visual Studio Version 17
VisualStudioVersion = 17.10.34928.147
MinimumVisualStudioVersion = 10.0.40219.1
Project("{FAE04EC0-301F-11D3-BF4B-00C04F79EFBC}") = "TriangleSolverTesting", "TriangleSolverTesting\TriangleSolverTesting.csproj", "{ED2C509E-23B7-46BF-8FE3-B896E68DE6EE}"
EndProject
Global
	GlobalSection(SolutionConfigurationPlatforms) = preSolution
		Debug|Any CPU = Debug|Any CPU
		Release|Any CPU = Release|Any CPU
	EndGlobalSection
	GlobalSection(ProjectConfigurationPlatforms) = postSolution
		{ED2C509E-23B7-46BF-8FE3-B896E68DE6EE}.Debug|Any CPU.ActiveCfg = Debug|Any CPU
		{ED2C509E-23B7-46BF-8FE3-B896E68DE6EE}.Debug|Any CPU.Build.0 = Debug|Any CPU
		{ED2C509E-23B7-46BF-8FE3-B896E68DE6EE}.Release|Any CPU.ActiveCfg = Release|Any CPU
		{ED2C509E-23B7-46BF-8FE3-B896E68DE6EE}.Release|Any CPU.Build.0 = Release|Any CPU
	EndGlobalSection
	GlobalSection(SolutionProperties) = preSolution
		HideSolutionNode = FALSE
	EndGlobalSection
	GlobalSection(ExtensibilityGlobals) = postSolution
		SolutionGuid = {63709DA4-503C-49DB-8689-41F1D13BCAA8}
	EndGlobalSection
EndGlobal
